
Microsoft Visual Studio Solution File, Format Version 12.00
# Visual Studio 2013
VisualStudioVersion = 12.0.40629.0
MinimumVisualStudioVersion = 10.0.40219.1
Project("{FAE04EC0-301F-11D3-BF4B-00C04F79EFBC}") = "staticcss", "staticcss\staticcss.csproj", "{69B4A54D-2DFA-499E-A4C7-47AC44FA3121}"
EndProject
Global
	GlobalSection(SolutionConfigurationPlatforms) = preSolution
		Debug|Any CPU = Debug|Any CPU
		Release|Any CPU = Release|Any CPU
	EndGlobalSection
	GlobalSection(ProjectConfigurationPlatforms) = postSolution
		{69B4A54D-2DFA-499E-A4C7-47AC44FA3121}.Debug|Any CPU.ActiveCfg = Debug|Any CPU
		{69B4A54D-2DFA-499E-A4C7-47AC44FA3121}.Debug|Any CPU.Build.0 = Debug|Any CPU
		{69B4A54D-2DFA-499E-A4C7-47AC44FA3121}.Release|Any CPU.ActiveCfg = Release|Any CPU
		{69B4A54D-2DFA-499E-A4C7-47AC44FA3121}.Release|Any CPU.Build.0 = Release|Any CPU
	EndGlobalSection
	GlobalSection(SolutionProperties) = preSolution
		HideSolutionNode = FALSE
	EndGlobalSection
EndGlobal
